
Microsoft Visual Studio Solution File, Format Version 12.00
# Visual Studio Version 17
VisualStudioVersion = 17.7.34024.191
MinimumVisualStudioVersion = 10.0.40219.1
Project("{FAE04EC0-301F-11D3-BF4B-00C04F79EFBC}") = "application_wpf_water_eco", "application_wpf_water_eco\application_wpf_water_eco.csproj", "{73A9D40F-75C5-418A-AC50-BFFD32BAB692}"
EndProject
Global
	GlobalSection(SolutionConfigurationPlatforms) = preSolution
		Debug|Any CPU = Debug|Any CPU
		Release|Any CPU = Release|Any CPU
	EndGlobalSection
	GlobalSection(ProjectConfigurationPlatforms) = postSolution
		{73A9D40F-75C5-418A-AC50-BFFD32BAB692}.Debug|Any CPU.ActiveCfg = Debug|Any CPU
		{73A9D40F-75C5-418A-AC50-BFFD32BAB692}.Debug|Any CPU.Build.0 = Debug|Any CPU
		{73A9D40F-75C5-418A-AC50-BFFD32BAB692}.Release|Any CPU.ActiveCfg = Release|Any CPU
		{73A9D40F-75C5-418A-AC50-BFFD32BAB692}.Release|Any CPU.Build.0 = Release|Any CPU
	EndGlobalSection
	GlobalSection(SolutionProperties) = preSolution
		HideSolutionNode = FALSE
	EndGlobalSection
	GlobalSection(ExtensibilityGlobals) = postSolution
		SolutionGuid = {E2D86402-885E-4BEE-A221-A33099CF7900}
	EndGlobalSection
EndGlobal
